<?xml version="1.0" encoding="utf-8"?>
<Project ToolsVersion="4.0" xmlns="http://schemas.microsoft.com/developer/msbuild/2003">
  <ItemGroup>
    <Filter Include="win32">
      <UniqueIdentifier>{84a8ebd7-7cf0-47f6-b75e-d441df67da40}</UniqueIdentifier>
    </Filter>
    <Filter Include="resource">
      <UniqueIdentifier>{715254bc-d70b-4ec5-bf29-467dd3ace079}</UniqueIdentifier>
    </Filter>
    <Filter Include="Classes">
      <UniqueIdentifier>{a22b6cab-5a63-4cbb-9ae2-f013dd69e579}</UniqueIdentifier>
    </Filter>
    <Filter Include="Classes\Core">
      <UniqueIdentifier>{46a1500d-4141-4b23-bc72-07cb17713d32}</UniqueIdentifier>
    </Filter>
    <Filter Include="Classes\Scenes">
      <UniqueIdentifier>{7961ff19-7742-4f49-9d48-25aa34f2b331}</UniqueIdentifier>
    </Filter>
    <Filter Include="Classes\Entities">
      <UniqueIdentifier>{36a4d3f7-5e8c-451a-ad13-596acf507df4}</UniqueIdentifier>
    </Filter>
    <Filter Include="Classes\Entities\Card">
      <UniqueIdentifier>{34da6c1a-cc67-4f35-a02f-1fd2ca523384}</UniqueIdentifier>
    </Filter>
    <Filter Include="Classes\Entities\Unit">
      <UniqueIdentifier>{c52efd7d-160b-4bdd-bbe5-4828a51d76e4}</UniqueIdentifier>
    </Filter>
    <Filter Include="Classes\Entities\Tower">
      <UniqueIdentifier>{95c3e5ad-9cd6-4d07-871a-b7e44720ee07}</UniqueIdentifier>
    </Filter>
    <Filter Include="Classes\Entities\Projectile">
      <UniqueIdentifier>{a547ac33-fbbf-412f-b1ec-7629b65481ca}</UniqueIdentifier>
    </Filter>
    <Filter Include="Classes\Managers">
      <UniqueIdentifier>{74f60622-43cb-44f2-8017-7212d97495b8}</UniqueIdentifier>
    </Filter>
    <Filter Include="Classes\UI">
      <UniqueIdentifier>{5a2b1087-475d-4053-babc-d0b31e0713f3}</UniqueIdentifier>
    </Filter>
    <Filter Include="Classes\Utils">
      <UniqueIdentifier>{5e9f1598-59b2-4f4d-a371-d77e6b76aa05}</UniqueIdentifier>
    </Filter>
    <Filter Include="Classes\Systems">
      <UniqueIdentifier>{a6f85c7e-3cd9-4ebd-b7bf-ddc9a72b880d}</UniqueIdentifier>
    </Filter>
    <Filter Include="Classes\Entities\Troop">
      <UniqueIdentifier>{72189dfe-6e9d-486e-8002-29120be6c170}</UniqueIdentifier>
    </Filter>
    <Filter Include="Classes\Entities\Troop\TroopAIComponent">
      <UniqueIdentifier>{a4e1e505-5369-4f6f-bff4-74295b0962cf}</UniqueIdentifier>
    </Filter>
    <Filter Include="Classes\Entities\Troop\MoveComponent">
      <UniqueIdentifier>{2b6a1f4d-5201-4e3e-9c9e-ef9386c10a70}</UniqueIdentifier>
    </Filter>
    <Filter Include="Classes\Entities\Attack">
      <UniqueIdentifier>{2105fc77-4a78-4114-bc17-0ea5239833e1}</UniqueIdentifier>
    </Filter>
    <Filter Include="Classes\Entities\Attack\AttackBase">
      <UniqueIdentifier>{650180d8-cf62-430f-94f9-ed799fdec8a5}</UniqueIdentifier>
    </Filter>
    <Filter Include="Classes\Entities\Attack\TroopAttack">
      <UniqueIdentifier>{ebe41455-d756-4a10-b9c2-3bc3bc4f83c5}</UniqueIdentifier>
    </Filter>
    <Filter Include="Classes\Entities\Troop\TroopBase">
      <UniqueIdentifier>{ad516234-edde-464c-887c-bec962ed2a6f}</UniqueIdentifier>
    </Filter>
    <Filter Include="Classes\Entities\AllCards">
      <UniqueIdentifier>{8158cf67-c215-40d0-95d8-2db6178270c0}</UniqueIdentifier>
    </Filter>
    <Filter Include="Classes\Entities\Building">
      <UniqueIdentifier>{a1dbc919-b224-4953-a097-118d67810abc}</UniqueIdentifier>
    </Filter>
    <Filter Include="Classes\Entities\Building\BuildingBase">
      <UniqueIdentifier>{12fc4e27-f05b-4445-bc76-850688a37fa3}</UniqueIdentifier>
    </Filter>
    <Filter Include="Classes\Entities\Building\BuildingAI">
      <UniqueIdentifier>{508874d9-81a1-4966-8650-726693480f3a}</UniqueIdentifier>
    </Filter>
    <Filter Include="Classes\Entities\AllCards\Buildings">
      <UniqueIdentifier>{7e2a357b-e405-48e7-b7b5-b018aa148d73}</UniqueIdentifier>
    </Filter>
    <Filter Include="Classes\Entities\AllCards\Troops">
      <UniqueIdentifier>{1f72ca07-1a11-4575-bb5b-e562dcfbbc72}</UniqueIdentifier>
    </Filter>
    <Filter Include="Classes\Entities\Attack\BuildingAttack">
      <UniqueIdentifier>{97144b42-2bbd-435d-9dc8-fdff325d2bee}</UniqueIdentifier>
    </Filter>
    <Filter Include="Classes\Entities\Spell">
      <UniqueIdentifier>{d6b0ff5f-a45e-4091-b1e8-4a5d8777fcf6}</UniqueIdentifier>
    </Filter>
    <Filter Include="Classes\Entities\Spell\SpellBase">
      <UniqueIdentifier>{6d4a25c5-543e-46f0-8cb5-7634abbbbc92}</UniqueIdentifier>
    </Filter>
    <Filter Include="Classes\Entities\Spell\DamegeSpell">
      <UniqueIdentifier>{0df033b4-20af-45c5-865b-758372560dd4}</UniqueIdentifier>
    </Filter>
    <Filter Include="Classes\Entities\Spell\ControlSpell">
      <UniqueIdentifier>{ec7087e4-d57d-4ea5-b277-fcf78665256c}</UniqueIdentifier>
    </Filter>
    <Filter Include="Classes\Entities\Battle">
      <UniqueIdentifier>{06acead8-ef23-487c-8a7e-c0e9c1f82abd}</UniqueIdentifier>
    </Filter>
    <Filter Include="Classes\Entities\AllCards\Troops\Air">
      <UniqueIdentifier>{b40cf9d7-1de7-444c-a5f0-f3841ffb6397}</UniqueIdentifier>
    </Filter>
    <Filter Include="Classes\Entities\AllCards\Troops\Ground">
      <UniqueIdentifier>{88e5f5f3-6afb-4fb4-bf08-53c62afb7d55}</UniqueIdentifier>
    </Filter>
    <Filter Include="Classes\Entities\AllCards\Troops\Ground\AttackBuilding">
      <UniqueIdentifier>{f5c82044-2b60-4f64-b494-921832d82d77}</UniqueIdentifier>
    </Filter>
    <Filter Include="Classes\Entities\AllCards\Troops\Ground\Else">
      <UniqueIdentifier>{eb31bccc-eeaa-4594-a7e5-76661cb2dfec}</UniqueIdentifier>
    </Filter>
  </ItemGroup>
  <ItemGroup>
    <ClCompile Include="main.cpp">
      <Filter>win32</Filter>
    </ClCompile>
    <ClCompile Include="..\Classes\AppDelegate.cpp">
      <Filter>Classes\Core</Filter>
    </ClCompile>
    <ClCompile Include="..\Classes\AudioManager.cpp">
      <Filter>Classes\Core</Filter>
    </ClCompile>
    <ClCompile Include="..\Classes\GameManager.cpp">
      <Filter>Classes\Core</Filter>
    </ClCompile>
    <ClCompile Include="..\Classes\BattleScene.cpp">
      <Filter>Classes\Scenes</Filter>
    </ClCompile>
    <ClCompile Include="..\Classes\MainMenuScene.cpp">
      <Filter>Classes\Scenes</Filter>
    </ClCompile>
    <ClCompile Include="..\Classes\BuildingCard.cpp">
      <Filter>Classes\Entities\Card</Filter>
    </ClCompile>
    <ClCompile Include="..\Classes\Card.cpp">
      <Filter>Classes\Entities\Card</Filter>
    </ClCompile>
    <ClCompile Include="..\Classes\SpellCard.cpp">
      <Filter>Classes\Entities\Card</Filter>
    </ClCompile>
    <ClCompile Include="..\Classes\UnitCard.cpp">
      <Filter>Classes\Entities\Card</Filter>
    </ClCompile>
    <ClCompile Include="..\Classes\TowerBase.cpp">
      <Filter>Classes\Entities\Tower</Filter>
    </ClCompile>
    <ClCompile Include="..\Classes\Projectile.cpp">
      <Filter>Classes\Entities\Projectile</Filter>
    </ClCompile>
    <ClCompile Include="..\Classes\BattleManager.cpp">
      <Filter>Classes\Managers</Filter>
    </ClCompile>
    <ClCompile Include="..\Classes\CardManager.cpp">
      <Filter>Classes\Managers</Filter>
    </ClCompile>
    <ClCompile Include="..\Classes\LevelManager.cpp">
      <Filter>Classes\Managers</Filter>
    </ClCompile>
    <ClCompile Include="..\Classes\Button.cpp">
      <Filter>Classes\UI</Filter>
    </ClCompile>
    <ClCompile Include="..\Classes\CountdownLabel.cpp">
      <Filter>Classes\UI</Filter>
    </ClCompile>
    <ClCompile Include="..\Classes\HandCardUI.cpp">
      <Filter>Classes\UI</Filter>
    </ClCompile>
    <ClCompile Include="..\Classes\ManaBar.cpp">
      <Filter>Classes\UI</Filter>
    </ClCompile>
    <ClCompile Include="..\Classes\ConfigLoader.cpp">
      <Filter>Classes\Utils</Filter>
    </ClCompile>
    <ClCompile Include="..\Classes\AISystem.cpp">
      <Filter>Classes\Systems</Filter>
    </ClCompile>
    <ClCompile Include="..\Classes\CollisionSystem.cpp">
      <Filter>Classes\Systems</Filter>
    </ClCompile>
    <ClCompile Include="..\Classes\PathfindingSystem.cpp">
      <Filter>Classes\Systems</Filter>
    </ClCompile>
    <ClCompile Include="..\Classes\UnitBase.cpp">
      <Filter>Classes\Entities\Unit</Filter>
    </ClCompile>
    <ClCompile Include="..\Classes\ManaSystem.cpp">
      <Filter>Classes\Systems</Filter>
    </ClCompile>
    <ClCompile Include="..\Classes\RangedAttackComponent.cpp">
      <Filter>Classes\Entities\Attack\TroopAttack</Filter>
    </ClCompile>
    <ClCompile Include="..\Classes\MeleeAttackComponent.cpp">
      <Filter>Classes\Entities\Attack\TroopAttack</Filter>
    </ClCompile>
    <ClCompile Include="..\Classes\AttackComponent.cpp">
      <Filter>Classes\Entities\Attack\AttackBase</Filter>
    </ClCompile>
    <ClCompile Include="..\Classes\BuildingBase.cpp">
      <Filter>Classes\Entities\Building\BuildingBase</Filter>
    </ClCompile>
    <ClCompile Include="..\Classes\BuildingAI.cpp">
      <Filter>Classes\Entities\Building\BuildingAI</Filter>
    </ClCompile>
    <ClCompile Include="..\Classes\GroundMoveComponent.cpp">
      <Filter>Classes\Entities\Troop\MoveComponent</Filter>
    </ClCompile>
    <ClCompile Include="..\Classes\MoveComponent.cpp">
      <Filter>Classes\Entities\Troop\MoveComponent</Filter>
    </ClCompile>
    <ClCompile Include="..\Classes\TroopBase.cpp">
      <Filter>Classes\Entities\Troop\TroopBase</Filter>
    </ClCompile>
    <ClCompile Include="..\Classes\SimpleTroopAIComponent.cpp">
      <Filter>Classes\Entities\Troop\TroopAIComponent</Filter>
    </ClCompile>
    <ClCompile Include="..\Classes\TroopAIComponent.cpp">
      <Filter>Classes\Entities\Troop\TroopAIComponent</Filter>
    </ClCompile>
    <ClCompile Include="..\Classes\PrincessTower.cpp">
      <Filter>Classes\Entities\AllCards\Buildings</Filter>
    </ClCompile>
    <ClCompile Include="..\Classes\BuildingAttackComponent.cpp">
      <Filter>Classes\Entities\Attack\BuildingAttack</Filter>
    </ClCompile>
    <ClCompile Include="..\Classes\Battlefield.cpp">
      <Filter>Classes\Entities\Battle</Filter>
    </ClCompile>
    <ClCompile Include="..\Classes\SpellBase.cpp">
      <Filter>Classes\Entities\Spell\SpellBase</Filter>
    </ClCompile>
    <ClCompile Include="..\Classes\FireBallSpell.cpp">
      <Filter>Classes\Entities\Spell\DamegeSpell</Filter>
    </ClCompile>
    <ClCompile Include="..\Classes\SlowDownSpell.cpp">
      <Filter>Classes\Entities\Spell\ControlSpell</Filter>
    </ClCompile>
    <ClCompile Include="..\Classes\AreaAttackComponent.cpp">
      <Filter>Classes\Entities\Attack\TroopAttack</Filter>
    </ClCompile>
    <ClCompile Include="..\Classes\KingdomTower.cpp">
      <Filter>Classes\Entities\AllCards\Buildings</Filter>
    </ClCompile>
    <ClCompile Include="..\Classes\AirMoveComponent.cpp">
      <Filter>Classes\Entities\Troop\MoveComponent</Filter>
    </ClCompile>
    <ClCompile Include="..\Classes\DragonBaby.cpp">
      <Filter>Classes\Entities\AllCards\Troops\Air</Filter>
    </ClCompile>
    <ClCompile Include="..\Classes\ArcherTroop.cpp">
      <Filter>Classes\Entities\AllCards\Troops\Ground\Else</Filter>
    </ClCompile>
    <ClCompile Include="..\Classes\KnightTroop.cpp">
      <Filter>Classes\Entities\AllCards\Troops\Ground\Else</Filter>
    </ClCompile>
    <ClCompile Include="..\Classes\Giant.cpp">
      <Filter>Classes\Entities\AllCards\Troops\Ground\AttackBuilding</Filter>
    </ClCompile>
    <ClCompile Include="..\Classes\SimpleBuildingAI.cpp">
      <Filter>Classes\Entities\Building\BuildingAI</Filter>
    </ClCompile>
    <ClCompile Include="..\Classes\Cannon.cpp">
      <Filter>Classes\Entities\AllCards\Buildings</Filter>
    </ClCompile>
    <ClCompile Include="..\Classes\SkeletonTombstone.cpp">
      <Filter>Classes\Entities\AllCards\Buildings</Filter>
    </ClCompile>
    <ClCompile Include="..\Classes\SkeletonTroop.cpp">
      <Filter>Classes\Entities\AllCards\Troops\Ground\Else</Filter>
    </ClCompile>
    <ClCompile Include="..\Classes\SkeletonLegion.cpp">
      <Filter>Classes\Entities\AllCards\Troops\Ground\Else</Filter>
    </ClCompile>
    <ClCompile Include="..\Classes\Minions.cpp">
      <Filter>Classes\Entities\AllCards\Troops\Air</Filter>
    </ClCompile>
    <ClCompile Include="..\Classes\MeleeAreaAttackComponent.cpp">
      <Filter>Classes\Entities\Attack\TroopAttack</Filter>
    </ClCompile>
    <ClCompile Include="..\Classes\ValkyrieTroop.cpp">
      <Filter>Classes\Entities\AllCards\Troops\Ground\Else</Filter>
    </ClCompile>
    <ClCompile Include="..\Classes\CardFactory.cpp">
      <Filter>Classes\Entities\Card</Filter>
    </ClCompile>
  </ItemGroup>
  <ItemGroup>
    <ClInclude Include="main.h">
      <Filter>win32</Filter>
    </ClInclude>
    <ClInclude Include="..\Classes\AppDelegate.h">
      <Filter>Classes\Core</Filter>
    </ClInclude>
    <ClInclude Include="..\Classes\AudioManager.h">
      <Filter>Classes\Core</Filter>
    </ClInclude>
    <ClInclude Include="..\Classes\GameManager.h">
      <Filter>Classes\Core</Filter>
    </ClInclude>
    <ClInclude Include="..\Classes\GlobalDefines.h">
      <Filter>Classes\Core</Filter>
    </ClInclude>
    <ClInclude Include="..\Classes\BattleScene.h">
      <Filter>Classes\Scenes</Filter>
    </ClInclude>
    <ClInclude Include="..\Classes\MainMenuScene.h">
      <Filter>Classes\Scenes</Filter>
    </ClInclude>
    <ClInclude Include="..\Classes\BuildingCard.h">
      <Filter>Classes\Entities\Card</Filter>
    </ClInclude>
    <ClInclude Include="..\Classes\SpellCard.h">
      <Filter>Classes\Entities\Card</Filter>
    </ClInclude>
    <ClInclude Include="..\Classes\UnitCard.h">
      <Filter>Classes\Entities\Card</Filter>
    </ClInclude>
    <ClInclude Include="..\Classes\TowerBase.h">
      <Filter>Classes\Entities\Tower</Filter>
    </ClInclude>
    <ClInclude Include="..\Classes\Projectile.h">
      <Filter>Classes\Entities\Projectile</Filter>
    </ClInclude>
    <ClInclude Include="..\Classes\BattleManager.h">
      <Filter>Classes\Managers</Filter>
    </ClInclude>
    <ClInclude Include="..\Classes\CardManager.h">
      <Filter>Classes\Managers</Filter>
    </ClInclude>
    <ClInclude Include="..\Classes\LevelManager.h">
      <Filter>Classes\Managers</Filter>
    </ClInclude>
    <ClInclude Include="..\Classes\Button.h">
      <Filter>Classes\UI</Filter>
    </ClInclude>
    <ClInclude Include="..\Classes\CountdownLabel.h">
      <Filter>Classes\UI</Filter>
    </ClInclude>
    <ClInclude Include="..\Classes\HandCardUI.h">
      <Filter>Classes\UI</Filter>
    </ClInclude>
    <ClInclude Include="..\Classes\ManaBar.h">
      <Filter>Classes\UI</Filter>
    </ClInclude>
    <ClInclude Include="..\Classes\ConfigLoader.h">
      <Filter>Classes\Utils</Filter>
    </ClInclude>
    <ClInclude Include="..\Classes\MathUtils.h">
      <Filter>Classes\Utils</Filter>
    </ClInclude>
    <ClInclude Include="..\Classes\Singleton.h">
      <Filter>Classes\Utils</Filter>
    </ClInclude>
    <ClInclude Include="..\Classes\AISystem.h">
      <Filter>Classes\Systems</Filter>
    </ClInclude>
    <ClInclude Include="..\Classes\CollisionSystem.h">
      <Filter>Classes\Systems</Filter>
    </ClInclude>
    <ClInclude Include="..\Classes\PathfindingSystem.h">
      <Filter>Classes\Systems</Filter>
    </ClInclude>
    <ClInclude Include="..\Classes\UnitBase.h">
      <Filter>Classes\Entities\Unit</Filter>
    </ClInclude>
    <ClInclude Include="..\Classes\ManaSystem.h">
      <Filter>Classes\Systems</Filter>
    </ClInclude>
    <ClInclude Include="..\Classes\RangedAttackComponent.h">
      <Filter>Classes\Entities\Attack\TroopAttack</Filter>
    </ClInclude>
    <ClInclude Include="..\Classes\MeleeAttackComponent.h">
      <Filter>Classes\Entities\Attack\TroopAttack</Filter>
    </ClInclude>
    <ClInclude Include="..\Classes\AttackComponent.h">
      <Filter>Classes\Entities\Attack\AttackBase</Filter>
    </ClInclude>
    <ClInclude Include="..\Classes\IAttackable.h">
      <Filter>Classes\Entities\Attack\AttackBase</Filter>
    </ClInclude>
    <ClInclude Include="..\Classes\BuildingBase.h">
      <Filter>Classes\Entities\Building\BuildingBase</Filter>
    </ClInclude>
    <ClInclude Include="..\Classes\BuildingAI.h">
      <Filter>Classes\Entities\Building\BuildingAI</Filter>
    </ClInclude>
    <ClInclude Include="..\Classes\GroundMoveComponent.h">
      <Filter>Classes\Entities\Troop\MoveComponent</Filter>
    </ClInclude>
    <ClInclude Include="..\Classes\MoveComponent.h">
      <Filter>Classes\Entities\Troop\MoveComponent</Filter>
    </ClInclude>
    <ClInclude Include="..\Classes\TroopBase.h">
      <Filter>Classes\Entities\Troop\TroopBase</Filter>
    </ClInclude>
    <ClInclude Include="..\Classes\SimpleTroopAIComponent.h">
      <Filter>Classes\Entities\Troop\TroopAIComponent</Filter>
    </ClInclude>
    <ClInclude Include="..\Classes\TroopAIComponent.h">
      <Filter>Classes\Entities\Troop\TroopAIComponent</Filter>
    </ClInclude>
    <ClInclude Include="..\Classes\PrincessTower.h">
      <Filter>Classes\Entities\AllCards\Buildings</Filter>
    </ClInclude>
    <ClInclude Include="..\Classes\BuildingAttackComponent.h">
      <Filter>Classes\Entities\Attack\BuildingAttack</Filter>
    </ClInclude>
    <ClInclude Include="..\Classes\Battlefield.h">
      <Filter>Classes\Entities\Battle</Filter>
    </ClInclude>
    <ClInclude Include="..\Classes\SpellBase.h">
      <Filter>Classes\Entities\Spell\SpellBase</Filter>
    </ClInclude>
    <ClInclude Include="..\Classes\FireBallSpell.h">
      <Filter>Classes\Entities\Spell\DamegeSpell</Filter>
    </ClInclude>
    <ClInclude Include="..\Classes\SlowDownSpell.h">
      <Filter>Classes\Entities\Spell\ControlSpell</Filter>
    </ClInclude>
    <ClInclude Include="..\Classes\AreaAttackComponent.h">
      <Filter>Classes\Entities\Attack\TroopAttack</Filter>
    </ClInclude>
    <ClInclude Include="..\Classes\Card.h">
      <Filter>Classes\Entities\Card</Filter>
    </ClInclude>
    <ClInclude Include="..\Classes\KingdomTower.h">
      <Filter>Classes\Entities\AllCards\Buildings</Filter>
    </ClInclude>
    <ClInclude Include="..\Classes\AllCards.h">
      <Filter>Classes\Entities\AllCards</Filter>
    </ClInclude>
    <ClInclude Include="..\Classes\AirMoveComponent.h">
      <Filter>Classes\Entities\Troop\MoveComponent</Filter>
    </ClInclude>
    <ClInclude Include="..\Classes\DragonBaby.h">
      <Filter>Classes\Entities\AllCards\Troops\Air</Filter>
    </ClInclude>
    <ClInclude Include="..\Classes\ArcherTroop.h">
      <Filter>Classes\Entities\AllCards\Troops\Ground\Else</Filter>
    </ClInclude>
    <ClInclude Include="..\Classes\KnightTroop.h">
      <Filter>Classes\Entities\AllCards\Troops\Ground\Else</Filter>
    </ClInclude>
    <ClInclude Include="..\Classes\Giant.h">
      <Filter>Classes\Entities\AllCards\Troops\Ground\AttackBuilding</Filter>
    </ClInclude>
    <ClInclude Include="..\Classes\SimpleBuildingAI.h">
      <Filter>Classes\Entities\Building\BuildingAI</Filter>
    </ClInclude>
    <ClInclude Include="..\Classes\Cannon.h">
      <Filter>Classes\Entities\AllCards\Buildings</Filter>
    </ClInclude>
    <ClInclude Include="..\Classes\SkeletonTombstone.h">
      <Filter>Classes\Entities\AllCards\Buildings</Filter>
    </ClInclude>
    <ClInclude Include="..\Classes\SkeletonTroop.h">
      <Filter>Classes\Entities\AllCards\Troops\Ground\Else</Filter>
    </ClInclude>
    <ClInclude Include="..\Classes\SkeletonLegion.h">
      <Filter>Classes\Entities\AllCards\Troops\Ground\Else</Filter>
    </ClInclude>
    <ClInclude Include="..\Classes\Minions.h">
      <Filter>Classes\Entities\AllCards\Troops\Air</Filter>
    </ClInclude>
    <ClInclude Include="..\Classes\MeleeAreaAttackComponent.h">
      <Filter>Classes\Entities\Attack\TroopAttack</Filter>
    </ClInclude>
    <ClInclude Include="..\Classes\ValkyrieTroop.h">
      <Filter>Classes\Entities\AllCards\Troops\Ground\Else</Filter>
    </ClInclude>
    <ClInclude Include="..\Classes\CardFactory.h">
      <Filter>Classes\Entities\Card</Filter>
    </ClInclude>
    <ClInclude Include="..\Classes\UnitType.h">
      <Filter>Classes\Entities\AllCards</Filter>
    </ClInclude>
    <ClInclude Include="..\Classes\Grid.h">
      <Filter>Classes\Entities\Battle</Filter>
    </ClInclude>
    <ClInclude Include="..\Classes\IWalkableWorld.h">
      <Filter>Classes\Entities\Troop\MoveComponent</Filter>
    </ClInclude>
  </ItemGroup>
  <ItemGroup>
    <ResourceCompile Include="game.rc">
      <Filter>resource</Filter>
    </ResourceCompile>
  </ItemGroup>
</Project>