<?xml version="1.0" encoding="utf-8"?>
<Project ToolsVersion="4.0" xmlns="http://schemas.microsoft.com/developer/msbuild/2003">
  <ItemGroup>
    <Filter Include="win32">
      <UniqueIdentifier>{84a8ebd7-7cf0-47f6-b75e-d441df67da40}</UniqueIdentifier>
    </Filter>
    <Filter Include="resource">
      <UniqueIdentifier>{715254bc-d70b-4ec5-bf29-467dd3ace079}</UniqueIdentifier>
    </Filter>
    <Filter Include="Classes">
      <UniqueIdentifier>{a22b6cab-5a63-4cbb-9ae2-f013dd69e579}</UniqueIdentifier>
    </Filter>
    <Filter Include="Classes\Core">
      <UniqueIdentifier>{46a1500d-4141-4b23-bc72-07cb17713d32}</UniqueIdentifier>
    </Filter>
    <Filter Include="Classes\Scenes">
      <UniqueIdentifier>{7961ff19-7742-4f49-9d48-25aa34f2b331}</UniqueIdentifier>
    </Filter>
    <Filter Include="Classes\Entities">
      <UniqueIdentifier>{36a4d3f7-5e8c-451a-ad13-596acf507df4}</UniqueIdentifier>
    </Filter>
    <Filter Include="Classes\UI">
      <UniqueIdentifier>{5a2b1087-475d-4053-babc-d0b31e0713f3}</UniqueIdentifier>
    </Filter>
    <Filter Include="Classes\Utils">
      <UniqueIdentifier>{5e9f1598-59b2-4f4d-a371-d77e6b76aa05}</UniqueIdentifier>
    </Filter>
    <Filter Include="Classes\Systems">
      <UniqueIdentifier>{a6f85c7e-3cd9-4ebd-b7bf-ddc9a72b880d}</UniqueIdentifier>
    </Filter>
<<<<<<< Updated upstream
    <Filter Include="Classes\Entities\Troop">
      <UniqueIdentifier>{72189dfe-6e9d-486e-8002-29120be6c170}</UniqueIdentifier>
    </Filter>
    <Filter Include="Classes\Entities\Troop\TroopAIComponent">
      <UniqueIdentifier>{a4e1e505-5369-4f6f-bff4-74295b0962cf}</UniqueIdentifier>
    </Filter>
    <Filter Include="Classes\Entities\Troop\MoveComponent">
      <UniqueIdentifier>{2b6a1f4d-5201-4e3e-9c9e-ef9386c10a70}</UniqueIdentifier>
    </Filter>
    <Filter Include="Classes\Entities\Attack">
      <UniqueIdentifier>{2105fc77-4a78-4114-bc17-0ea5239833e1}</UniqueIdentifier>
    </Filter>
    <Filter Include="Classes\Entities\Attack\AttackBase">
      <UniqueIdentifier>{650180d8-cf62-430f-94f9-ed799fdec8a5}</UniqueIdentifier>
    </Filter>
    <Filter Include="Classes\Entities\Attack\TroopAttack">
      <UniqueIdentifier>{ebe41455-d756-4a10-b9c2-3bc3bc4f83c5}</UniqueIdentifier>
    </Filter>
    <Filter Include="Classes\Entities\Troop\TroopBase">
      <UniqueIdentifier>{ad516234-edde-464c-887c-bec962ed2a6f}</UniqueIdentifier>
    </Filter>
    <Filter Include="Classes\Entities\AllCards">
      <UniqueIdentifier>{8158cf67-c215-40d0-95d8-2db6178270c0}</UniqueIdentifier>
    </Filter>
    <Filter Include="Classes\Entities\Building">
      <UniqueIdentifier>{a1dbc919-b224-4953-a097-118d67810abc}</UniqueIdentifier>
    </Filter>
    <Filter Include="Classes\Entities\Building\BuildingBase">
      <UniqueIdentifier>{12fc4e27-f05b-4445-bc76-850688a37fa3}</UniqueIdentifier>
    </Filter>
    <Filter Include="Classes\Entities\Building\BuildingAI">
      <UniqueIdentifier>{508874d9-81a1-4966-8650-726693480f3a}</UniqueIdentifier>
    </Filter>
    <Filter Include="Classes\Entities\AllCards\Buildings">
      <UniqueIdentifier>{7e2a357b-e405-48e7-b7b5-b018aa148d73}</UniqueIdentifier>
    </Filter>
    <Filter Include="Classes\Entities\AllCards\Troops">
      <UniqueIdentifier>{1f72ca07-1a11-4575-bb5b-e562dcfbbc72}</UniqueIdentifier>
    </Filter>
    <Filter Include="Classes\Entities\Attack\BuildingAttack">
      <UniqueIdentifier>{97144b42-2bbd-435d-9dc8-fdff325d2bee}</UniqueIdentifier>
    </Filter>
    <Filter Include="Classes\Entities\BAttle">
      <UniqueIdentifier>{06acead8-ef23-487c-8a7e-c0e9c1f82abd}</UniqueIdentifier>
=======
    <Filter Include="Classes\Entities\Card">
      <UniqueIdentifier>{416c4047-6f55-49c0-9060-4079a32af630}</UniqueIdentifier>
    </Filter>
    <Filter Include="Classes\Entities\Card\Troop">
      <UniqueIdentifier>{88fc9e6f-baa8-443d-92cb-63ebd2f7f491}</UniqueIdentifier>
    </Filter>
    <Filter Include="Classes\Entities\Card\Troop\TroopAIComponent">
      <UniqueIdentifier>{ba4741d9-4f5f-4870-b25d-85aa1f419dcd}</UniqueIdentifier>
    </Filter>
    <Filter Include="Classes\Entities\Card\Troop\TroopMoveComponent">
      <UniqueIdentifier>{9f411bff-6aad-405b-ae9d-ae03500f6121}</UniqueIdentifier>
    </Filter>
    <Filter Include="Classes\Entities\Card\Attack">
      <UniqueIdentifier>{dc581698-70dd-4f13-a22b-54f0069f858c}</UniqueIdentifier>
    </Filter>
    <Filter Include="Classes\Entities\Card\Attack\TroopAttackComponent">
      <UniqueIdentifier>{73bb41e6-b76f-4cb3-91e0-a5e41a754c3e}</UniqueIdentifier>
    </Filter>
    <Filter Include="Classes\Entities\Card\Attack\AttackBase">
      <UniqueIdentifier>{44fe80a0-a4e6-480e-8a65-721626eccb98}</UniqueIdentifier>
    </Filter>
    <Filter Include="Classes\Entities\Card\Attack\BulidingAttackComponent">
      <UniqueIdentifier>{91fb8622-e557-456d-a912-8f5115beb9e4}</UniqueIdentifier>
    </Filter>
    <Filter Include="Classes\Entities\Card\Troop\TroopBase">
      <UniqueIdentifier>{bd597ee9-d1f0-4464-88d8-92717949bfd3}</UniqueIdentifier>
    </Filter>
    <Filter Include="Classes\Entities\Card\Building">
      <UniqueIdentifier>{e56e7558-e8da-4c62-a664-1ef120cc2574}</UniqueIdentifier>
    </Filter>
    <Filter Include="Classes\Entities\Card\Building\BuildingAI">
      <UniqueIdentifier>{6198317d-8007-45eb-93f0-28e1a1a94fa6}</UniqueIdentifier>
    </Filter>
    <Filter Include="Classes\Entities\Card\Building\BuildingBase">
      <UniqueIdentifier>{502e0c0b-6cfe-4075-920c-ca85278dfb24}</UniqueIdentifier>
    </Filter>
    <Filter Include="Classes\Entities\Card\Unit">
      <UniqueIdentifier>{74c686c0-bec1-4ecf-aaf0-ff6929c2ade0}</UniqueIdentifier>
    </Filter>
    <Filter Include="Classes\Entities\Card\Unit\Troop">
      <UniqueIdentifier>{289bd04b-0351-40ef-80ae-f2093e256e13}</UniqueIdentifier>
    </Filter>
    <Filter Include="Classes\Entities\Card\Unit\Building">
      <UniqueIdentifier>{3c9fe06a-8ca5-45e3-8904-3a7f1cfcc610}</UniqueIdentifier>
>>>>>>> Stashed changes
    </Filter>
  </ItemGroup>
  <ItemGroup>
    <ClCompile Include="main.cpp">
      <Filter>win32</Filter>
    </ClCompile>
    <ClCompile Include="..\Classes\AppDelegate.cpp">
      <Filter>Classes\Core</Filter>
    </ClCompile>
    <ClCompile Include="..\Classes\AudioManager.cpp">
      <Filter>Classes\Core</Filter>
    </ClCompile>
    <ClCompile Include="..\Classes\GameManager.cpp">
      <Filter>Classes\Core</Filter>
    </ClCompile>
    <ClCompile Include="..\Classes\BattleScene.cpp">
      <Filter>Classes\Scenes</Filter>
    </ClCompile>
    <ClCompile Include="..\Classes\MainMenuScene.cpp">
      <Filter>Classes\Scenes</Filter>
    </ClCompile>
<<<<<<< Updated upstream
    <ClCompile Include="..\Classes\BuildingCard.cpp">
      <Filter>Classes\Entities\Card</Filter>
    </ClCompile>
    <ClCompile Include="..\Classes\Card.cpp">
      <Filter>Classes\Entities\Card</Filter>
    </ClCompile>
    <ClCompile Include="..\Classes\SpellCard.cpp">
      <Filter>Classes\Entities\Card</Filter>
    </ClCompile>
    <ClCompile Include="..\Classes\UnitCard.cpp">
      <Filter>Classes\Entities\Card</Filter>
    </ClCompile>
    <ClCompile Include="..\Classes\KingTower.cpp">
      <Filter>Classes\Entities\Tower</Filter>
    </ClCompile>
    <ClCompile Include="..\Classes\TowerBase.cpp">
      <Filter>Classes\Entities\Tower</Filter>
    </ClCompile>
    <ClCompile Include="..\Classes\Projectile.cpp">
      <Filter>Classes\Entities\Projectile</Filter>
    </ClCompile>
    <ClCompile Include="..\Classes\BattleManager.cpp">
      <Filter>Classes\Managers</Filter>
    </ClCompile>
    <ClCompile Include="..\Classes\CardManager.cpp">
      <Filter>Classes\Managers</Filter>
    </ClCompile>
    <ClCompile Include="..\Classes\LevelManager.cpp">
      <Filter>Classes\Managers</Filter>
    </ClCompile>
=======
>>>>>>> Stashed changes
    <ClCompile Include="..\Classes\Button.cpp">
      <Filter>Classes\UI</Filter>
    </ClCompile>
    <ClCompile Include="..\Classes\CountdownLabel.cpp">
      <Filter>Classes\UI</Filter>
    </ClCompile>
    <ClCompile Include="..\Classes\ManaBar.cpp">
      <Filter>Classes\UI</Filter>
    </ClCompile>
    <ClCompile Include="..\Classes\ConfigLoader.cpp">
      <Filter>Classes\Utils</Filter>
    </ClCompile>
    <ClCompile Include="..\Classes\AISystem.cpp">
      <Filter>Classes\Systems</Filter>
    </ClCompile>
    <ClCompile Include="..\Classes\CollisionSystem.cpp">
      <Filter>Classes\Systems</Filter>
    </ClCompile>
    <ClCompile Include="..\Classes\PathfindingSystem.cpp">
      <Filter>Classes\Systems</Filter>
    </ClCompile>
<<<<<<< Updated upstream
    <ClCompile Include="..\Classes\UnitBase.cpp">
      <Filter>Classes\Entities\Unit</Filter>
=======
    <ClCompile Include="..\Classes\Battlefield.cpp">
      <Filter>Classes\Entities</Filter>
>>>>>>> Stashed changes
    </ClCompile>
    <ClCompile Include="..\Classes\ManaSystem.cpp">
      <Filter>Classes\Systems</Filter>
    </ClCompile>
<<<<<<< Updated upstream
    <ClCompile Include="..\Classes\RangedAttackComponent.cpp">
      <Filter>Classes\Entities\Attack\TroopAttack</Filter>
    </ClCompile>
    <ClCompile Include="..\Classes\MeleeAttackComponent.cpp">
      <Filter>Classes\Entities\Attack\TroopAttack</Filter>
    </ClCompile>
    <ClCompile Include="..\Classes\AttackComponent.cpp">
      <Filter>Classes\Entities\Attack\AttackBase</Filter>
    </ClCompile>
    <ClCompile Include="..\Classes\KnightTroop.cpp">
      <Filter>Classes\Entities\AllCards\Troops</Filter>
    </ClCompile>
    <ClCompile Include="..\Classes\BuildingBase.cpp">
      <Filter>Classes\Entities\Building\BuildingBase</Filter>
    </ClCompile>
    <ClCompile Include="..\Classes\BuildingAI.cpp">
      <Filter>Classes\Entities\Building\BuildingAI</Filter>
    </ClCompile>
    <ClCompile Include="..\Classes\GroundMoveComponent.cpp">
      <Filter>Classes\Entities\Troop\MoveComponent</Filter>
    </ClCompile>
    <ClCompile Include="..\Classes\MoveComponent.cpp">
      <Filter>Classes\Entities\Troop\MoveComponent</Filter>
    </ClCompile>
    <ClCompile Include="..\Classes\TroopBase.cpp">
      <Filter>Classes\Entities\Troop\TroopBase</Filter>
    </ClCompile>
    <ClCompile Include="..\Classes\SimpleTroopAIComponent.cpp">
      <Filter>Classes\Entities\Troop\TroopAIComponent</Filter>
    </ClCompile>
    <ClCompile Include="..\Classes\TroopAIComponent.cpp">
      <Filter>Classes\Entities\Troop\TroopAIComponent</Filter>
    </ClCompile>
    <ClCompile Include="..\Classes\ArcherTroop.cpp">
      <Filter>Classes\Entities\AllCards\Troops</Filter>
    </ClCompile>
    <ClCompile Include="..\Classes\PrincessTower.cpp">
      <Filter>Classes\Entities\AllCards\Buildings</Filter>
    </ClCompile>
    <ClCompile Include="..\Classes\BuildingAttackComponent.cpp">
      <Filter>Classes\Entities\Attack\BuildingAttack</Filter>
    </ClCompile>
    <ClCompile Include="..\Classes\SimpleBuildingAI.cpp">
      <Filter>Classes\Entities\Attack\BuildingAttack</Filter>
    </ClCompile>
    <ClCompile Include="..\Classes\Battlefield.cpp">
      <Filter>Classes\Entities\BAttle</Filter>
=======
    <ClCompile Include="SimpleTroopAIComponent.cpp">
      <Filter>Classes\Entities\Card\Troop\TroopAIComponent</Filter>
    </ClCompile>
    <ClCompile Include="TroopAIComponent.cpp">
      <Filter>Classes\Entities\Card\Troop\TroopAIComponent</Filter>
    </ClCompile>
    <ClCompile Include="MoveComponent.cpp">
      <Filter>Classes\Entities\Card\Troop\TroopMoveComponent</Filter>
    </ClCompile>
    <ClCompile Include="GroundMoveComponent.cpp">
      <Filter>Classes\Entities\Card\Troop\TroopMoveComponent</Filter>
    </ClCompile>
    <ClCompile Include="BuildingAttackComponent.cpp">
      <Filter>Classes\Entities\Card\Attack\BulidingAttackComponent</Filter>
    </ClCompile>
    <ClCompile Include="AttackComponent.cpp">
      <Filter>Classes\Entities\Card\Attack\AttackBase</Filter>
    </ClCompile>
    <ClCompile Include="MeleeAttackComponent.cpp">
      <Filter>Classes\Entities\Card\Attack\TroopAttackComponent</Filter>
    </ClCompile>
    <ClCompile Include="RangedAttackComponent.cpp">
      <Filter>Classes\Entities\Card\Attack\TroopAttackComponent</Filter>
    </ClCompile>
    <ClCompile Include="TroopBase.cpp">
      <Filter>Classes\Entities\Card\Troop\TroopBase</Filter>
    </ClCompile>
    <ClCompile Include="BuildngAI.cpp">
      <Filter>Classes\Entities\Card\Building\BuildingAI</Filter>
    </ClCompile>
    <ClCompile Include="BuildingBase.cpp">
      <Filter>Classes\Entities\Card\Building\BuildingBase</Filter>
    </ClCompile>
    <ClCompile Include="SimpleBuildingAI.cpp">
      <Filter>Classes\Entities\Card\Building\BuildingAI</Filter>
    </ClCompile>
    <ClCompile Include="KnightTroop.cpp">
      <Filter>Classes\Entities\Card\Unit\Troop</Filter>
    </ClCompile>
    <ClCompile Include="ArcherTroop.cpp">
      <Filter>Classes\Entities\Card\Unit\Troop</Filter>
    </ClCompile>
    <ClCompile Include="PrincessTower.cpp">
      <Filter>Classes\Entities\Card\Unit\Building</Filter>
>>>>>>> Stashed changes
    </ClCompile>
  </ItemGroup>
  <ItemGroup>
    <ClInclude Include="main.h">
      <Filter>win32</Filter>
    </ClInclude>
    <ClInclude Include="..\Classes\AppDelegate.h">
      <Filter>Classes\Core</Filter>
    </ClInclude>
    <ClInclude Include="..\Classes\AudioManager.h">
      <Filter>Classes\Core</Filter>
    </ClInclude>
    <ClInclude Include="..\Classes\GameManager.h">
      <Filter>Classes\Core</Filter>
    </ClInclude>
    <ClInclude Include="..\Classes\GlobalDefines.h">
      <Filter>Classes\Core</Filter>
    </ClInclude>
    <ClInclude Include="..\Classes\BattleScene.h">
      <Filter>Classes\Scenes</Filter>
    </ClInclude>
    <ClInclude Include="..\Classes\MainMenuScene.h">
      <Filter>Classes\Scenes</Filter>
    </ClInclude>
<<<<<<< Updated upstream
    <ClInclude Include="..\Classes\BuildingCard.h">
      <Filter>Classes\Entities\Card</Filter>
    </ClInclude>
    <ClInclude Include="..\Classes\Card.h">
      <Filter>Classes\Entities\Card</Filter>
    </ClInclude>
    <ClInclude Include="..\Classes\SpellCard.h">
      <Filter>Classes\Entities\Card</Filter>
    </ClInclude>
    <ClInclude Include="..\Classes\UnitCard.h">
      <Filter>Classes\Entities\Card</Filter>
    </ClInclude>
    <ClInclude Include="..\Classes\KingTower.h">
      <Filter>Classes\Entities\Tower</Filter>
    </ClInclude>
    <ClInclude Include="..\Classes\TowerBase.h">
      <Filter>Classes\Entities\Tower</Filter>
    </ClInclude>
    <ClInclude Include="..\Classes\Projectile.h">
      <Filter>Classes\Entities\Projectile</Filter>
    </ClInclude>
    <ClInclude Include="..\Classes\BattleManager.h">
      <Filter>Classes\Managers</Filter>
    </ClInclude>
    <ClInclude Include="..\Classes\CardManager.h">
      <Filter>Classes\Managers</Filter>
    </ClInclude>
    <ClInclude Include="..\Classes\LevelManager.h">
      <Filter>Classes\Managers</Filter>
    </ClInclude>
=======
>>>>>>> Stashed changes
    <ClInclude Include="..\Classes\Button.h">
      <Filter>Classes\UI</Filter>
    </ClInclude>
    <ClInclude Include="..\Classes\CountdownLabel.h">
      <Filter>Classes\UI</Filter>
    </ClInclude>
    <ClInclude Include="..\Classes\ManaBar.h">
      <Filter>Classes\UI</Filter>
    </ClInclude>
    <ClInclude Include="..\Classes\ConfigLoader.h">
      <Filter>Classes\Utils</Filter>
    </ClInclude>
    <ClInclude Include="..\Classes\MathUtils.h">
      <Filter>Classes\Utils</Filter>
    </ClInclude>
    <ClInclude Include="..\Classes\Singleton.h">
      <Filter>Classes\Utils</Filter>
    </ClInclude>
    <ClInclude Include="..\Classes\AISystem.h">
      <Filter>Classes\Systems</Filter>
    </ClInclude>
    <ClInclude Include="..\Classes\CollisionSystem.h">
      <Filter>Classes\Systems</Filter>
    </ClInclude>
    <ClInclude Include="..\Classes\PathfindingSystem.h">
      <Filter>Classes\Systems</Filter>
    </ClInclude>
<<<<<<< Updated upstream
    <ClInclude Include="..\Classes\UnitBase.h">
      <Filter>Classes\Entities\Unit</Filter>
=======
    <ClInclude Include="..\Classes\Battlefield.h">
      <Filter>Classes\Entities</Filter>
>>>>>>> Stashed changes
    </ClInclude>
    <ClInclude Include="..\Classes\ManaSystem.h">
      <Filter>Classes\Systems</Filter>
    </ClInclude>
<<<<<<< Updated upstream
    <ClInclude Include="..\Classes\RangedAttackComponent.h">
      <Filter>Classes\Entities\Attack\TroopAttack</Filter>
    </ClInclude>
    <ClInclude Include="..\Classes\MeleeAttackComponent.h">
      <Filter>Classes\Entities\Attack\TroopAttack</Filter>
    </ClInclude>
    <ClInclude Include="..\Classes\AttackComponent.h">
      <Filter>Classes\Entities\Attack\AttackBase</Filter>
    </ClInclude>
    <ClInclude Include="..\Classes\IAttackable.h">
      <Filter>Classes\Entities\Attack\AttackBase</Filter>
    </ClInclude>
    <ClInclude Include="..\Classes\KnightTroop.h">
      <Filter>Classes\Entities\AllCards\Troops</Filter>
    </ClInclude>
    <ClInclude Include="..\Classes\BuildingBase.h">
      <Filter>Classes\Entities\Building\BuildingBase</Filter>
    </ClInclude>
    <ClInclude Include="..\Classes\BuildingAI.h">
      <Filter>Classes\Entities\Building\BuildingAI</Filter>
    </ClInclude>
    <ClInclude Include="..\Classes\GroundMoveComponent.h">
      <Filter>Classes\Entities\Troop\MoveComponent</Filter>
    </ClInclude>
    <ClInclude Include="..\Classes\MoveComponent.h">
      <Filter>Classes\Entities\Troop\MoveComponent</Filter>
    </ClInclude>
    <ClInclude Include="..\Classes\TroopBase.h">
      <Filter>Classes\Entities\Troop\TroopBase</Filter>
    </ClInclude>
    <ClInclude Include="..\Classes\SimpleTroopAIComponent.h">
      <Filter>Classes\Entities\Troop\TroopAIComponent</Filter>
    </ClInclude>
    <ClInclude Include="..\Classes\TroopAIComponent.h">
      <Filter>Classes\Entities\Troop\TroopAIComponent</Filter>
    </ClInclude>
    <ClInclude Include="..\Classes\ArcherTroop.h">
      <Filter>Classes\Entities\AllCards\Troops</Filter>
    </ClInclude>
    <ClInclude Include="..\Classes\PrincessTower.h">
      <Filter>Classes\Entities\AllCards\Buildings</Filter>
    </ClInclude>
    <ClInclude Include="..\Classes\BuildingAttackComponent.h">
      <Filter>Classes\Entities\Attack\BuildingAttack</Filter>
    </ClInclude>
    <ClInclude Include="..\Classes\SimpleBuildingAI.h">
      <Filter>Classes\Entities\Attack\BuildingAttack</Filter>
    </ClInclude>
    <ClInclude Include="..\Classes\Battlefield.h">
      <Filter>Classes\Entities\BAttle</Filter>
=======
    <ClInclude Include="SimpleTroopAIComponent.h">
      <Filter>Classes\Entities\Card\Troop\TroopAIComponent</Filter>
    </ClInclude>
    <ClInclude Include="TroopAIComponent.h">
      <Filter>Classes\Entities\Card\Troop\TroopAIComponent</Filter>
    </ClInclude>
    <ClInclude Include="MoveComponent.h">
      <Filter>Classes\Entities\Card\Troop\TroopMoveComponent</Filter>
    </ClInclude>
    <ClInclude Include="GroundMoveComponent.h">
      <Filter>Classes\Entities\Card\Troop\TroopMoveComponent</Filter>
    </ClInclude>
    <ClInclude Include="IAttackable.h">
      <Filter>Classes\Entities\Card\Attack\AttackBase</Filter>
    </ClInclude>
    <ClInclude Include="BuildingAttackComponent.h">
      <Filter>Classes\Entities\Card\Attack\BulidingAttackComponent</Filter>
    </ClInclude>
    <ClInclude Include="AttackComponent.h">
      <Filter>Classes\Entities\Card\Attack\AttackBase</Filter>
    </ClInclude>
    <ClInclude Include="MeleeAttackComponent.h">
      <Filter>Classes\Entities\Card\Attack\TroopAttackComponent</Filter>
    </ClInclude>
    <ClInclude Include="RangedAttackComponent.h">
      <Filter>Classes\Entities\Card\Attack\TroopAttackComponent</Filter>
    </ClInclude>
    <ClInclude Include="TroopBase.h">
      <Filter>Classes\Entities\Card\Troop\TroopBase</Filter>
    </ClInclude>
    <ClInclude Include="BuildingAI.h">
      <Filter>Classes\Entities\Card\Building\BuildingAI</Filter>
    </ClInclude>
    <ClInclude Include="BuildingBase.h">
      <Filter>Classes\Entities\Card\Building\BuildingBase</Filter>
    </ClInclude>
    <ClInclude Include="SimpleBuildingAI.h">
      <Filter>Classes\Entities\Card\Building\BuildingAI</Filter>
    </ClInclude>
    <ClInclude Include="KnightTroop.h">
      <Filter>Classes\Entities\Card\Unit\Troop</Filter>
    </ClInclude>
    <ClInclude Include="ArcherTroop.h">
      <Filter>Classes\Entities\Card\Unit\Troop</Filter>
    </ClInclude>
    <ClInclude Include="PrincessTower.h">
      <Filter>Classes\Entities\Card\Unit\Building</Filter>
>>>>>>> Stashed changes
    </ClInclude>
  </ItemGroup>
  <ItemGroup>
    <ResourceCompile Include="game.rc">
      <Filter>resource</Filter>
    </ResourceCompile>
  </ItemGroup>
</Project>